
Microsoft Visual Studio Solution File, Format Version 12.00
# Visual Studio 2017
Project("{FAE04EC0-301F-11D3-BF4B-00C04F79EFBC}") = "20180929_SCRAP_GAMEJAM", "20180929_SCRAP_GAMEJAM.csproj", "{65ABE27F-513B-BC6A-70DC-B182536B9809}"
EndProject
Global
	GlobalSection(SolutionConfigurationPlatforms) = preSolution
		Debug|Any CPU = Debug|Any CPU
		Release|Any CPU = Release|Any CPU
	EndGlobalSection
	GlobalSection(ProjectConfigurationPlatforms) = postSolution
		{65ABE27F-513B-BC6A-70DC-B182536B9809}.Debug|Any CPU.ActiveCfg = Debug|Any CPU
		{65ABE27F-513B-BC6A-70DC-B182536B9809}.Debug|Any CPU.Build.0 = Debug|Any CPU
		{65ABE27F-513B-BC6A-70DC-B182536B9809}.Release|Any CPU.ActiveCfg = Release|Any CPU
		{65ABE27F-513B-BC6A-70DC-B182536B9809}.Release|Any CPU.Build.0 = Release|Any CPU
	EndGlobalSection
	GlobalSection(SolutionProperties) = preSolution
		HideSolutionNode = FALSE
	EndGlobalSection
EndGlobal
